
Microsoft Visual Studio Solution File, Format Version 12.00
# Visual Studio 15
VisualStudioVersion = 15.0.26730.16
MinimumVisualStudioVersion = 10.0.40219.1
Project("{FAE04EC0-301F-11D3-BF4B-00C04F79EFBC}") = "ERMPowerDevTask.Tests", "ERMPowerDevTask.Tests\ERMPowerDevTask.Tests.csproj", "{CB067CC9-1C96-4ACC-9727-3FFE8760F9BA}"
EndProject
Project("{FAE04EC0-301F-11D3-BF4B-00C04F79EFBC}") = "ERMPowerDevTask", "ERMPowerDevTask\ERMPowerDevTask.csproj", "{CC02EDA3-F41C-4C62-8C34-E28EBC5605CA}"
EndProject
Global
	GlobalSection(SolutionConfigurationPlatforms) = preSolution
		Debug|Any CPU = Debug|Any CPU
		Release|Any CPU = Release|Any CPU
	EndGlobalSection
	GlobalSection(ProjectConfigurationPlatforms) = postSolution
		{CB067CC9-1C96-4ACC-9727-3FFE8760F9BA}.Debug|Any CPU.ActiveCfg = Debug|Any CPU
		{CB067CC9-1C96-4ACC-9727-3FFE8760F9BA}.Debug|Any CPU.Build.0 = Debug|Any CPU
		{CB067CC9-1C96-4ACC-9727-3FFE8760F9BA}.Release|Any CPU.ActiveCfg = Release|Any CPU
		{CB067CC9-1C96-4ACC-9727-3FFE8760F9BA}.Release|Any CPU.Build.0 = Release|Any CPU
		{CC02EDA3-F41C-4C62-8C34-E28EBC5605CA}.Debug|Any CPU.ActiveCfg = Debug|Any CPU
		{CC02EDA3-F41C-4C62-8C34-E28EBC5605CA}.Debug|Any CPU.Build.0 = Debug|Any CPU
		{CC02EDA3-F41C-4C62-8C34-E28EBC5605CA}.Release|Any CPU.ActiveCfg = Release|Any CPU
		{CC02EDA3-F41C-4C62-8C34-E28EBC5605CA}.Release|Any CPU.Build.0 = Release|Any CPU
	EndGlobalSection
	GlobalSection(SolutionProperties) = preSolution
		HideSolutionNode = FALSE
	EndGlobalSection
	GlobalSection(ExtensibilityGlobals) = postSolution
		SolutionGuid = {43B72A33-84E3-4381-8387-BC352D92270F}
	EndGlobalSection
EndGlobal
